
Microsoft Visual Studio Solution File, Format Version 12.00
# Visual Studio Version 16
VisualStudioVersion = 16.0.31112.23
MinimumVisualStudioVersion = 10.0.40219.1
Project("{FAE04EC0-301F-11D3-BF4B-00C04F79EFBC}") = "Service", "Service\Service.csproj", "{E1E8E589-9D89-4563-A8FA-9BC403C56F13}"
EndProject
Project("{FAE04EC0-301F-11D3-BF4B-00C04F79EFBC}") = "Repository", "Repository\Repository.csproj", "{0AAC742B-977C-4238-9819-794614C4A0E6}"
EndProject
Project("{FAE04EC0-301F-11D3-BF4B-00C04F79EFBC}") = "Api", "Api\Api.csproj", "{DEE65A27-2119-429F-A175-744BD9807FFC}"
EndProject
Global
	GlobalSection(SolutionConfigurationPlatforms) = preSolution
		Debug|Any CPU = Debug|Any CPU
		Release|Any CPU = Release|Any CPU
	EndGlobalSection
	GlobalSection(ProjectConfigurationPlatforms) = postSolution
		{E1E8E589-9D89-4563-A8FA-9BC403C56F13}.Debug|Any CPU.ActiveCfg = Debug|Any CPU
		{E1E8E589-9D89-4563-A8FA-9BC403C56F13}.Debug|Any CPU.Build.0 = Debug|Any CPU
		{E1E8E589-9D89-4563-A8FA-9BC403C56F13}.Release|Any CPU.ActiveCfg = Release|Any CPU
		{E1E8E589-9D89-4563-A8FA-9BC403C56F13}.Release|Any CPU.Build.0 = Release|Any CPU
		{0AAC742B-977C-4238-9819-794614C4A0E6}.Debug|Any CPU.ActiveCfg = Debug|Any CPU
		{0AAC742B-977C-4238-9819-794614C4A0E6}.Debug|Any CPU.Build.0 = Debug|Any CPU
		{0AAC742B-977C-4238-9819-794614C4A0E6}.Release|Any CPU.ActiveCfg = Release|Any CPU
		{0AAC742B-977C-4238-9819-794614C4A0E6}.Release|Any CPU.Build.0 = Release|Any CPU
		{DEE65A27-2119-429F-A175-744BD9807FFC}.Debug|Any CPU.ActiveCfg = Debug|Any CPU
		{DEE65A27-2119-429F-A175-744BD9807FFC}.Debug|Any CPU.Build.0 = Debug|Any CPU
		{DEE65A27-2119-429F-A175-744BD9807FFC}.Release|Any CPU.ActiveCfg = Release|Any CPU
		{DEE65A27-2119-429F-A175-744BD9807FFC}.Release|Any CPU.Build.0 = Release|Any CPU
	EndGlobalSection
	GlobalSection(SolutionProperties) = preSolution
		HideSolutionNode = FALSE
	EndGlobalSection
	GlobalSection(ExtensibilityGlobals) = postSolution
		SolutionGuid = {7DC506F4-F2EE-4EA7-9A91-B0CA9BCC7B81}
	EndGlobalSection
EndGlobal
